
Microsoft Visual Studio Solution File, Format Version 12.00
# Visual Studio Version 16
VisualStudioVersion = 16.0.30717.126
MinimumVisualStudioVersion = 10.0.40219.1
Project("{FAE04EC0-301F-11D3-BF4B-00C04F79EFBC}") = "DemoApplicatie", "DemoApplicatie\DemoApplicatie.csproj", "{6BF46553-3DE8-48D9-AA7C-B9771A891152}"
EndProject
Global
	GlobalSection(SolutionConfigurationPlatforms) = preSolution
		Debug|Any CPU = Debug|Any CPU
		Release|Any CPU = Release|Any CPU
	EndGlobalSection
	GlobalSection(ProjectConfigurationPlatforms) = postSolution
		{6BF46553-3DE8-48D9-AA7C-B9771A891152}.Debug|Any CPU.ActiveCfg = Debug|Any CPU
		{6BF46553-3DE8-48D9-AA7C-B9771A891152}.Debug|Any CPU.Build.0 = Debug|Any CPU
		{6BF46553-3DE8-48D9-AA7C-B9771A891152}.Release|Any CPU.ActiveCfg = Release|Any CPU
		{6BF46553-3DE8-48D9-AA7C-B9771A891152}.Release|Any CPU.Build.0 = Release|Any CPU
	EndGlobalSection
	GlobalSection(SolutionProperties) = preSolution
		HideSolutionNode = FALSE
	EndGlobalSection
	GlobalSection(ExtensibilityGlobals) = postSolution
		SolutionGuid = {1416717C-D97F-4D10-8AB1-F1A851DA81D8}
	EndGlobalSection
EndGlobal
